// !$*UTF8*$!
{
	archiveVersion = 1;
	classes = {
	};
	objectVersion = 56;
	objects = {

/* Begin PBXBuildFile section */
		0AB4A7A42B58FB84008CCA19 /* WasteMonApp.swift in Sources */ = {isa = PBXBuildFile; fileRef = 0AB4A7A32B58FB84008CCA19 /* WasteMonApp.swift */; };
		0AB4A7A62B58FB84008CCA19 /* ContentView.swift in Sources */ = {isa = PBXBuildFile; fileRef = 0AB4A7A52B58FB84008CCA19 /* ContentView.swift */; };
		0AB4A7A82B58FB91008CCA19 /* Assets.xcassets in Resources */ = {isa = PBXBuildFile; fileRef = 0AB4A7A72B58FB91008CCA19 /* Assets.xcassets */; };
		0AB4A7AB2B58FB91008CCA19 /* Preview Assets.xcassets in Resources */ = {isa = PBXBuildFile; fileRef = 0AB4A7AA2B58FB91008CCA19 /* Preview Assets.xcassets */; };
		0AB4A7B32B58FD20008CCA19 /* Wastemon.swift in Sources */ = {isa = PBXBuildFile; fileRef = 0AB4A7B22B58FD20008CCA19 /* Wastemon.swift */; };
		0AB4A7B52B58FE72008CCA19 /* BatteryKeyType.swift in Sources */ = {isa = PBXBuildFile; fileRef = 0AB4A7B42B58FE72008CCA19 /* BatteryKeyType.swift */; };
/* End PBXBuildFile section */

/* Begin PBXFileReference section */
		0AB4A7A02B58FB84008CCA19 /* WasteMon.app */ = {isa = PBXFileReference; explicitFileType = wrapper.application; includeInIndex = 0; path = WasteMon.app; sourceTree = BUILT_PRODUCTS_DIR; };
		0AB4A7A32B58FB84008CCA19 /* WasteMonApp.swift */ = {isa = PBXFileReference; lastKnownFileType = sourcecode.swift; path = WasteMonApp.swift; sourceTree = "<group>"; };
		0AB4A7A52B58FB84008CCA19 /* ContentView.swift */ = {isa = PBXFileReference; lastKnownFileType = sourcecode.swift; path = ContentView.swift; sourceTree = "<group>"; };
		0AB4A7A72B58FB91008CCA19 /* Assets.xcassets */ = {isa = PBXFileReference; lastKnownFileType = folder.assetcatalog; path = Assets.xcassets; sourceTree = "<group>"; };
		0AB4A7AA2B58FB91008CCA19 /* Preview Assets.xcassets */ = {isa = PBXFileReference; lastKnownFileType = folder.assetcatalog; path = "Preview Assets.xcassets"; sourceTree = "<group>"; };
		0AB4A7AC2B58FB91008CCA19 /* WasteMon.entitlements */ = {isa = PBXFileReference; lastKnownFileType = text.plist.entitlements; path = WasteMon.entitlements; sourceTree = "<group>"; };
		0AB4A7B22B58FD20008CCA19 /* Wastemon.swift */ = {isa = PBXFileReference; fileEncoding = 4; lastKnownFileType = sourcecode.swift; path = Wastemon.swift; sourceTree = "<group>"; };
		0AB4A7B42B58FE72008CCA19 /* BatteryKeyType.swift */ = {isa = PBXFileReference; fileEncoding = 4; lastKnownFileType = sourcecode.swift; path = BatteryKeyType.swift; sourceTree = "<group>"; };
		0AB4A7B62B59B337008CCA19 /* license.txt */ = {isa = PBXFileReference; lastKnownFileType = text; path = license.txt; sourceTree = "<group>"; };
/* End PBXFileReference section */

/* Begin PBXFrameworksBuildPhase section */
		0AB4A79D2B58FB84008CCA19 /* Frameworks */ = {
			isa = PBXFrameworksBuildPhase;
			buildActionMask = 2147483647;
			files = (
			);
			runOnlyForDeploymentPostprocessing = 0;
		};
/* End PBXFrameworksBuildPhase section */

/* Begin PBXGroup section */
		0AB4A7972B58FB84008CCA19 = {
			isa = PBXGroup;
			children = (
				0AB4A7B62B59B337008CCA19 /* license.txt */,
				0AB4A7A22B58FB84008CCA19 /* WasteMon */,
				0AB4A7A12B58FB84008CCA19 /* Products */,
			);
			sourceTree = "<group>";
		};
		0AB4A7A12B58FB84008CCA19 /* Products */ = {
			isa = PBXGroup;
			children = (
				0AB4A7A02B58FB84008CCA19 /* WasteMon.app */,
			);
			name = Products;
			sourceTree = "<group>";
		};
		0AB4A7A22B58FB84008CCA19 /* WasteMon */ = {
			isa = PBXGroup;
			children = (
				0AB4A7B42B58FE72008CCA19 /* BatteryKeyType.swift */,
				0AB4A7A32B58FB84008CCA19 /* WasteMonApp.swift */,
				0AB4A7B22B58FD20008CCA19 /* Wastemon.swift */,
				0AB4A7A52B58FB84008CCA19 /* ContentView.swift */,
				0AB4A7A72B58FB91008CCA19 /* Assets.xcassets */,
				0AB4A7AC2B58FB91008CCA19 /* WasteMon.entitlements */,
				0AB4A7A92B58FB91008CCA19 /* Preview Content */,
			);
			path = WasteMon;
			sourceTree = "<group>";
		};
		0AB4A7A92B58FB91008CCA19 /* Preview Content */ = {
			isa = PBXGroup;
			children = (
				0AB4A7AA2B58FB91008CCA19 /* Preview Assets.xcassets */,
			);
			path = "Preview Content";
			sourceTree = "<group>";
		};
/* End PBXGroup section */

/* Begin PBXNativeTarget section */
		0AB4A79F2B58FB84008CCA19 /* WasteMon */ = {
			isa = PBXNativeTarget;
			buildConfigurationList = 0AB4A7AF2B58FB91008CCA19 /* Build configuration list for PBXNativeTarget "WasteMon" */;
			buildPhases = (
				0AB4A79C2B58FB84008CCA19 /* Sources */,
				0AB4A79D2B58FB84008CCA19 /* Frameworks */,
				0AB4A79E2B58FB84008CCA19 /* Resources */,
			);
			buildRules = (
			);
			dependencies = (
			);
			name = WasteMon;
			productName = WasteMon;
			productReference = 0AB4A7A02B58FB84008CCA19 /* WasteMon.app */;
			productType = "com.apple.product-type.application";
		};
/* End PBXNativeTarget section */

/* Begin PBXProject section */
		0AB4A7982B58FB84008CCA19 /* Project object */ = {
			isa = PBXProject;
			attributes = {
				BuildIndependentTargetsInParallel = 1;
				LastSwiftUpdateCheck = 1520;
				LastUpgradeCheck = 1520;
				TargetAttributes = {
					0AB4A79F2B58FB84008CCA19 = {
						CreatedOnToolsVersion = 15.2;
					};
				};
			};
			buildConfigurationList = 0AB4A79B2B58FB84008CCA19 /* Build configuration list for PBXProject "WasteMon" */;
			compatibilityVersion = "Xcode 14.0";
			developmentRegion = en;
			hasScannedForEncodings = 0;
			knownRegions = (
				en,
				Base,
			);
			mainGroup = 0AB4A7972B58FB84008CCA19;
			productRefGroup = 0AB4A7A12B58FB84008CCA19 /* Products */;
			projectDirPath = "";
			projectRoot = "";
			targets = (
				0AB4A79F2B58FB84008CCA19 /* WasteMon */,
			);
		};
/* End PBXProject section */

/* Begin PBXResourcesBuildPhase section */
		0AB4A79E2B58FB84008CCA19 /* Resources */ = {
			isa = PBXResourcesBuildPhase;
			buildActionMask = 2147483647;
			files = (
				0AB4A7AB2B58FB91008CCA19 /* Preview Assets.xcassets in Resources */,
				0AB4A7A82B58FB91008CCA19 /* Assets.xcassets in Resources */,
			);
			runOnlyForDeploymentPostprocessing = 0;
		};
/* End PBXResourcesBuildPhase section */

/* Begin PBXSourcesBuildPhase section */
		0AB4A79C2B58FB84008CCA19 /* Sources */ = {
			isa = PBXSourcesBuildPhase;
			buildActionMask = 2147483647;
			files = (
				0AB4A7B52B58FE72008CCA19 /* BatteryKeyType.swift in Sources */,
				0AB4A7A62B58FB84008CCA19 /* ContentView.swift in Sources */,
				0AB4A7B32B58FD20008CCA19 /* Wastemon.swift in Sources */,
				0AB4A7A42B58FB84008CCA19 /* WasteMonApp.swift in Sources */,
			);
			runOnlyForDeploymentPostprocessing = 0;
		};
/* End PBXSourcesBuildPhase section */

/* Begin XCBuildConfiguration section */
		0AB4A7AD2B58FB91008CCA19 /* Debug */ = {
			isa = XCBuildConfiguration;
			buildSettings = {
				ALWAYS_SEARCH_USER_PATHS = NO;
				ASSETCATALOG_COMPILER_GENERATE_SWIFT_ASSET_SYMBOL_EXTENSIONS = YES;
				CLANG_ANALYZER_NONNULL = YES;
				CLANG_ANALYZER_NUMBER_OBJECT_CONVERSION = YES_AGGRESSIVE;
				CLANG_CXX_LANGUAGE_STANDARD = "gnu++20";
				CLANG_ENABLE_MODULES = YES;
				CLANG_ENABLE_OBJC_ARC = YES;
				CLANG_ENABLE_OBJC_WEAK = YES;
				CLANG_WARN_BLOCK_CAPTURE_AUTORELEASING = YES;
				CLANG_WARN_BOOL_CONVERSION = YES;
				CLANG_WARN_COMMA = YES;
				CLANG_WARN_CONSTANT_CONVERSION = YES;
				CLANG_WARN_DEPRECATED_OBJC_IMPLEMENTATIONS = YES;
				CLANG_WARN_DIRECT_OBJC_ISA_USAGE = YES_ERROR;
				CLANG_WARN_DOCUMENTATION_COMMENTS = YES;
				CLANG_WARN_EMPTY_BODY = YES;
				CLANG_WARN_ENUM_CONVERSION = YES;
				CLANG_WARN_INFINITE_RECURSION = YES;
				CLANG_WARN_INT_CONVERSION = YES;
				CLANG_WARN_NON_LITERAL_NULL_CONVERSION = YES;
				CLANG_WARN_OBJC_IMPLICIT_RETAIN_SELF = YES;
				CLANG_WARN_OBJC_LITERAL_CONVERSION = YES;
				CLANG_WARN_OBJC_ROOT_CLASS = YES_ERROR;
				CLANG_WARN_QUOTED_INCLUDE_IN_FRAMEWORK_HEADER = YES;
				CLANG_WARN_RANGE_LOOP_ANALYSIS = YES;
				CLANG_WARN_STRICT_PROTOTYPES = YES;
				CLANG_WARN_SUSPICIOUS_MOVE = YES;
				CLANG_WARN_UNGUARDED_AVAILABILITY = YES_AGGRESSIVE;
				CLANG_WARN_UNREACHABLE_CODE = YES;
				CLANG_WARN__DUPLICATE_METHOD_MATCH = YES;
				COPY_PHASE_STRIP = NO;
				DEBUG_INFORMATION_FORMAT = dwarf;
				ENABLE_STRICT_OBJC_MSGSEND = YES;
				ENABLE_TESTABILITY = YES;
				ENABLE_USER_SCRIPT_SANDBOXING = YES;
				GCC_C_LANGUAGE_STANDARD = gnu17;
				GCC_DYNAMIC_NO_PIC = NO;
				GCC_NO_COMMON_BLOCKS = YES;
				GCC_OPTIMIZATION_LEVEL = 0;
				GCC_PREPROCESSOR_DEFINITIONS = (
					"DEBUG=1",
					"$(inherited)",
				);
				GCC_WARN_64_TO_32_BIT_CONVERSION = YES;
				GCC_WARN_ABOUT_RETURN_TYPE = YES_ERROR;
				GCC_WARN_UNDECLARED_SELECTOR = YES;
				GCC_WARN_UNINITIALIZED_AUTOS = YES_AGGRESSIVE;
				GCC_WARN_UNUSED_FUNCTION = YES;
				GCC_WARN_UNUSED_VARIABLE = YES;
				LOCALIZATION_PREFERS_STRING_CATALOGS = YES;
				MACOSX_DEPLOYMENT_TARGET = 14.2;
				MTL_ENABLE_DEBUG_INFO = INCLUDE_SOURCE;
				MTL_FAST_MATH = YES;
				ONLY_ACTIVE_ARCH = YES;
				SDKROOT = macosx;
				SWIFT_ACTIVE_COMPILATION_CONDITIONS = "DEBUG $(inherited)";
				SWIFT_OPTIMIZATION_LEVEL = "-Onone";
			};
			name = Debug;
		};
		0AB4A7AE2B58FB91008CCA19 /* Release */ = {
			isa = XCBuildConfiguration;
			buildSettings = {
				ALWAYS_SEARCH_USER_PATHS = NO;
				ASSETCATALOG_COMPILER_GENERATE_SWIFT_ASSET_SYMBOL_EXTENSIONS = YES;
				CLANG_ANALYZER_NONNULL = YES;
				CLANG_ANALYZER_NUMBER_OBJECT_CONVERSION = YES_AGGRESSIVE;
				CLANG_CXX_LANGUAGE_STANDARD = "gnu++20";
				CLANG_ENABLE_MODULES = YES;
				CLANG_ENABLE_OBJC_ARC = YES;
				CLANG_ENABLE_OBJC_WEAK = YES;
				CLANG_WARN_BLOCK_CAPTURE_AUTORELEASING = YES;
				CLANG_WARN_BOOL_CONVERSION = YES;
				CLANG_WARN_COMMA = YES;
				CLANG_WARN_CONSTANT_CONVERSION = YES;
				CLANG_WARN_DEPRECATED_OBJC_IMPLEMENTATIONS = YES;
				CLANG_WARN_DIRECT_OBJC_ISA_USAGE = YES_ERROR;
				CLANG_WARN_DOCUMENTATION_COMMENTS = YES;
				CLANG_WARN_EMPTY_BODY = YES;
				CLANG_WARN_ENUM_CONVERSION = YES;
				CLANG_WARN_INFINITE_RECURSION = YES;
				CLANG_WARN_INT_CONVERSION = YES;
				CLANG_WARN_NON_LITERAL_NULL_CONVERSION = YES;
				CLANG_WARN_OBJC_IMPLICIT_RETAIN_SELF = YES;
				CLANG_WARN_OBJC_LITERAL_CONVERSION = YES;
				CLANG_WARN_OBJC_ROOT_CLASS = YES_ERROR;
				CLANG_WARN_QUOTED_INCLUDE_IN_FRAMEWORK_HEADER = YES;
				CLANG_WARN_RANGE_LOOP_ANALYSIS = YES;
				CLANG_WARN_STRICT_PROTOTYPES = YES;
				CLANG_WARN_SUSPICIOUS_MOVE = YES;
				CLANG_WARN_UNGUARDED_AVAILABILITY = YES_AGGRESSIVE;
				CLANG_WARN_UNREACHABLE_CODE = YES;
				CLANG_WARN__DUPLICATE_METHOD_MATCH = YES;
				COPY_PHASE_STRIP = NO;
				DEBUG_INFORMATION_FORMAT = "dwarf-with-dsym";
				ENABLE_NS_ASSERTIONS = NO;
				ENABLE_STRICT_OBJC_MSGSEND = YES;
				ENABLE_USER_SCRIPT_SANDBOXING = YES;
				GCC_C_LANGUAGE_STANDARD = gnu17;
				GCC_NO_COMMON_BLOCKS = YES;
				GCC_WARN_64_TO_32_BIT_CONVERSION = YES;
				GCC_WARN_ABOUT_RETURN_TYPE = YES_ERROR;
				GCC_WARN_UNDECLARED_SELECTOR = YES;
				GCC_WARN_UNINITIALIZED_AUTOS = YES_AGGRESSIVE;
				GCC_WARN_UNUSED_FUNCTION = YES;
				GCC_WARN_UNUSED_VARIABLE = YES;
				LOCALIZATION_PREFERS_STRING_CATALOGS = YES;
				MACOSX_DEPLOYMENT_TARGET = 14.2;
				MTL_ENABLE_DEBUG_INFO = NO;
				MTL_FAST_MATH = YES;
				SDKROOT = macosx;
				SWIFT_COMPILATION_MODE = wholemodule;
			};
			name = Release;
		};
		0AB4A7B02B58FB91008CCA19 /* Debug */ = {
			isa = XCBuildConfiguration;
			buildSettings = {
				ASSETCATALOG_COMPILER_APPICON_NAME = AppIcon;
				ASSETCATALOG_COMPILER_GLOBAL_ACCENT_COLOR_NAME = AccentColor;
				CODE_SIGN_ENTITLEMENTS = WasteMon/WasteMon.entitlements;
				CODE_SIGN_STYLE = Automatic;
				COMBINE_HIDPI_IMAGES = YES;
				CURRENT_PROJECT_VERSION = 1;
				DEVELOPMENT_ASSET_PATHS = "\"WasteMon/Preview Content\"";
				DEVELOPMENT_TEAM = M9AG4A3F6L;
				ENABLE_HARDENED_RUNTIME = YES;
				ENABLE_PREVIEWS = YES;
				GENERATE_INFOPLIST_FILE = YES;
				INFOPLIST_KEY_CFBundleDisplayName = WasteMon;
				INFOPLIST_KEY_LSApplicationCategoryType = "public.app-category.utilities";
				INFOPLIST_KEY_LSUIElement = YES;
				INFOPLIST_KEY_NSHumanReadableCopyright = "";
				LD_RUNPATH_SEARCH_PATHS = (
					"$(inherited)",
					"@executable_path/../Frameworks",
				);
				MARKETING_VERSION = 1.0;
				PRODUCT_BUNDLE_IDENTIFIER = com.soleilalpin.WasteMon;
				PRODUCT_NAME = "$(TARGET_NAME)";
				SWIFT_EMIT_LOC_STRINGS = YES;
				SWIFT_VERSION = 5.0;
			};
			name = Debug;
		};
		0AB4A7B12B58FB91008CCA19 /* Release */ = {
			isa = XCBuildConfiguration;
			buildSettings = {
				ASSETCATALOG_COMPILER_APPICON_NAME = AppIcon;
				ASSETCATALOG_COMPILER_GLOBAL_ACCENT_COLOR_NAME = AccentColor;
				CODE_SIGN_ENTITLEMENTS = WasteMon/WasteMon.entitlements;
				CODE_SIGN_STYLE = Automatic;
				COMBINE_HIDPI_IMAGES = YES;
				CURRENT_PROJECT_VERSION = 1;
				DEVELOPMENT_ASSET_PATHS = "\"WasteMon/Preview Content\"";
				DEVELOPMENT_TEAM = M9AG4A3F6L;
				ENABLE_HARDENED_RUNTIME = YES;
				ENABLE_PREVIEWS = YES;
				GENERATE_INFOPLIST_FILE = YES;
				INFOPLIST_KEY_CFBundleDisplayName = WasteMon;
				INFOPLIST_KEY_LSApplicationCategoryType = "public.app-category.utilities";
				INFOPLIST_KEY_LSUIElement = YES;
				INFOPLIST_KEY_NSHumanReadableCopyright = "";
				LD_RUNPATH_SEARCH_PATHS = (
					"$(inherited)",
					"@executable_path/../Frameworks",
				);
				MARKETING_VERSION = 1.0;
				PRODUCT_BUNDLE_IDENTIFIER = com.soleilalpin.WasteMon;
				PRODUCT_NAME = "$(TARGET_NAME)";
				SWIFT_EMIT_LOC_STRINGS = YES;
				SWIFT_VERSION = 5.0;
			};
			name = Release;
		};
/* End XCBuildConfiguration section */

/* Begin XCConfigurationList section */
		0AB4A79B2B58FB84008CCA19 /* Build configuration list for PBXProject "WasteMon" */ = {
			isa = XCConfigurationList;
			buildConfigurations = (
				0AB4A7AD2B58FB91008CCA19 /* Debug */,
				0AB4A7AE2B58FB91008CCA19 /* Release */,
			);
			defaultConfigurationIsVisible = 0;
			defaultConfigurationName = Release;
		};
		0AB4A7AF2B58FB91008CCA19 /* Build configuration list for PBXNativeTarget "WasteMon" */ = {
			isa = XCConfigurationList;
			buildConfigurations = (
				0AB4A7B02B58FB91008CCA19 /* Debug */,
				0AB4A7B12B58FB91008CCA19 /* Release */,
			);
			defaultConfigurationIsVisible = 0;
			defaultConfigurationName = Release;
		};
/* End XCConfigurationList section */
	};
	rootObject = 0AB4A7982B58FB84008CCA19 /* Project object */;
}
